
Microsoft Visual Studio Solution File, Format Version 12.00
# Visual Studio Version 17
VisualStudioVersion = 17.11.35208.52
MinimumVisualStudioVersion = 10.0.40219.1
Project("{F184B08F-C81C-45F6-A57F-5ABD9991F28F}") = "ConsoleApp1", "ConsoleApp1.vbproj", "{AE8EF3C0-C3A7-4385-B0D2-011D0BF3AD37}"
EndProject
Global
	GlobalSection(SolutionConfigurationPlatforms) = preSolution
		Debug|Any CPU = Debug|Any CPU
		Release|Any CPU = Release|Any CPU
	EndGlobalSection
	GlobalSection(ProjectConfigurationPlatforms) = postSolution
		{AE8EF3C0-C3A7-4385-B0D2-011D0BF3AD37}.Debug|Any CPU.ActiveCfg = Debug|Any CPU
		{AE8EF3C0-C3A7-4385-B0D2-011D0BF3AD37}.Debug|Any CPU.Build.0 = Debug|Any CPU
		{AE8EF3C0-C3A7-4385-B0D2-011D0BF3AD37}.Release|Any CPU.ActiveCfg = Release|Any CPU
		{AE8EF3C0-C3A7-4385-B0D2-011D0BF3AD37}.Release|Any CPU.Build.0 = Release|Any CPU
	EndGlobalSection
	GlobalSection(SolutionProperties) = preSolution
		HideSolutionNode = FALSE
	EndGlobalSection
	GlobalSection(ExtensibilityGlobals) = postSolution
		SolutionGuid = {A1072E8E-BF6F-4C0E-8C93-C594134E1B52}
	EndGlobalSection
EndGlobal
