
Microsoft Visual Studio Solution File, Format Version 12.00
# Visual Studio Version 17
VisualStudioVersion = 17.5.33530.505
MinimumVisualStudioVersion = 10.0.40219.1
Project("{FAE04EC0-301F-11D3-BF4B-00C04F79EFBC}") = "ClipboardImageSaver", "ClipboardImageSaver.csproj", "{884D5233-39AE-49D9-B2EF-8B39EEFFFDED}"
EndProject
Global
	GlobalSection(SolutionConfigurationPlatforms) = preSolution
		Debug|Any CPU = Debug|Any CPU
		Release|Any CPU = Release|Any CPU
	EndGlobalSection
	GlobalSection(ProjectConfigurationPlatforms) = postSolution
		{884D5233-39AE-49D9-B2EF-8B39EEFFFDED}.Debug|Any CPU.ActiveCfg = Debug|Any CPU
		{884D5233-39AE-49D9-B2EF-8B39EEFFFDED}.Debug|Any CPU.Build.0 = Debug|Any CPU
		{884D5233-39AE-49D9-B2EF-8B39EEFFFDED}.Release|Any CPU.ActiveCfg = Release|Any CPU
		{884D5233-39AE-49D9-B2EF-8B39EEFFFDED}.Release|Any CPU.Build.0 = Release|Any CPU
	EndGlobalSection
	GlobalSection(SolutionProperties) = preSolution
		HideSolutionNode = FALSE
	EndGlobalSection
	GlobalSection(ExtensibilityGlobals) = postSolution
		SolutionGuid = {924FC7AA-171B-4EE0-B3C9-D00453634E0F}
	EndGlobalSection
EndGlobal
