
Microsoft Visual Studio Solution File, Format Version 12.00
# Visual Studio Version 17
VisualStudioVersion = 17.5.33530.505
MinimumVisualStudioVersion = 10.0.40219.1
Project("{FAE04EC0-301F-11D3-BF4B-00C04F79EFBC}") = "TabOrderHelper", "TabOrderHelper.csproj", "{45BDC7B6-02E2-40D6-A006-ED4BDE2B53DD}"
EndProject
Global
	GlobalSection(SolutionConfigurationPlatforms) = preSolution
		Debug|Any CPU = Debug|Any CPU
		Release|Any CPU = Release|Any CPU
	EndGlobalSection
	GlobalSection(ProjectConfigurationPlatforms) = postSolution
		{45BDC7B6-02E2-40D6-A006-ED4BDE2B53DD}.Debug|Any CPU.ActiveCfg = Debug|Any CPU
		{45BDC7B6-02E2-40D6-A006-ED4BDE2B53DD}.Debug|Any CPU.Build.0 = Debug|Any CPU
		{45BDC7B6-02E2-40D6-A006-ED4BDE2B53DD}.Release|Any CPU.ActiveCfg = Release|Any CPU
		{45BDC7B6-02E2-40D6-A006-ED4BDE2B53DD}.Release|Any CPU.Build.0 = Release|Any CPU
	EndGlobalSection
	GlobalSection(SolutionProperties) = preSolution
		HideSolutionNode = FALSE
	EndGlobalSection
	GlobalSection(ExtensibilityGlobals) = postSolution
		SolutionGuid = {E5ABA5BB-4B0B-47B1-B035-EFE4C0D100B8}
	EndGlobalSection
EndGlobal
