
Microsoft Visual Studio Solution File, Format Version 12.00
# Visual Studio Version 17
VisualStudioVersion = 17.5.33530.505
MinimumVisualStudioVersion = 10.0.40219.1
Project("{F184B08F-C81C-45F6-A57F-5ABD9991F28F}") = "ToolTipOnDisabledControlManager", "ToolTipOnDisabledControlManager.vbproj", "{8AF7074A-B6E7-42E9-9CC6-2573D557DFD4}"
EndProject
Project("{F184B08F-C81C-45F6-A57F-5ABD9991F28F}") = "WindowsApp1", "WindowsApp1\WindowsApp1.vbproj", "{7BC2F691-173E-40D0-8F94-BA239331F54A}"
EndProject
Global
	GlobalSection(SolutionConfigurationPlatforms) = preSolution
		Debug|Any CPU = Debug|Any CPU
		Release|Any CPU = Release|Any CPU
	EndGlobalSection
	GlobalSection(ProjectConfigurationPlatforms) = postSolution
		{8AF7074A-B6E7-42E9-9CC6-2573D557DFD4}.Debug|Any CPU.ActiveCfg = Debug|Any CPU
		{8AF7074A-B6E7-42E9-9CC6-2573D557DFD4}.Debug|Any CPU.Build.0 = Debug|Any CPU
		{8AF7074A-B6E7-42E9-9CC6-2573D557DFD4}.Release|Any CPU.ActiveCfg = Release|Any CPU
		{8AF7074A-B6E7-42E9-9CC6-2573D557DFD4}.Release|Any CPU.Build.0 = Release|Any CPU
		{7BC2F691-173E-40D0-8F94-BA239331F54A}.Debug|Any CPU.ActiveCfg = Debug|Any CPU
		{7BC2F691-173E-40D0-8F94-BA239331F54A}.Debug|Any CPU.Build.0 = Debug|Any CPU
		{7BC2F691-173E-40D0-8F94-BA239331F54A}.Release|Any CPU.ActiveCfg = Release|Any CPU
		{7BC2F691-173E-40D0-8F94-BA239331F54A}.Release|Any CPU.Build.0 = Release|Any CPU
	EndGlobalSection
	GlobalSection(SolutionProperties) = preSolution
		HideSolutionNode = FALSE
	EndGlobalSection
	GlobalSection(ExtensibilityGlobals) = postSolution
		SolutionGuid = {FB26893E-386B-4332-82C7-6A15B19A6990}
	EndGlobalSection
EndGlobal
