
Microsoft Visual Studio Solution File, Format Version 12.00
# Visual Studio Version 17
VisualStudioVersion = 17.5.33530.505
MinimumVisualStudioVersion = 10.0.40219.1
Project("{F184B08F-C81C-45F6-A57F-5ABD9991F28F}") = "ClipboardTextChanger", "ClipboardTextChanger.vbproj", "{B03A4974-D7A7-484B-A2A0-B18D34BBAA2F}"
EndProject
Global
	GlobalSection(SolutionConfigurationPlatforms) = preSolution
		Debug|Any CPU = Debug|Any CPU
		Release|Any CPU = Release|Any CPU
	EndGlobalSection
	GlobalSection(ProjectConfigurationPlatforms) = postSolution
		{B03A4974-D7A7-484B-A2A0-B18D34BBAA2F}.Debug|Any CPU.ActiveCfg = Debug|Any CPU
		{B03A4974-D7A7-484B-A2A0-B18D34BBAA2F}.Debug|Any CPU.Build.0 = Debug|Any CPU
		{B03A4974-D7A7-484B-A2A0-B18D34BBAA2F}.Release|Any CPU.ActiveCfg = Release|Any CPU
		{B03A4974-D7A7-484B-A2A0-B18D34BBAA2F}.Release|Any CPU.Build.0 = Release|Any CPU
		{E9C6B769-46F6-4036-BDC0-CC5EB6F5F674}.Debug|Any CPU.ActiveCfg = Debug|Any CPU
		{E9C6B769-46F6-4036-BDC0-CC5EB6F5F674}.Debug|Any CPU.Build.0 = Debug|Any CPU
		{E9C6B769-46F6-4036-BDC0-CC5EB6F5F674}.Release|Any CPU.ActiveCfg = Release|Any CPU
		{E9C6B769-46F6-4036-BDC0-CC5EB6F5F674}.Release|Any CPU.Build.0 = Release|Any CPU
		{8EBDECBC-3886-48A5-A73E-6F492EF19B18}.Debug|Any CPU.ActiveCfg = Debug|Any CPU
		{8EBDECBC-3886-48A5-A73E-6F492EF19B18}.Debug|Any CPU.Build.0 = Debug|Any CPU
		{8EBDECBC-3886-48A5-A73E-6F492EF19B18}.Release|Any CPU.ActiveCfg = Release|Any CPU
		{8EBDECBC-3886-48A5-A73E-6F492EF19B18}.Release|Any CPU.Build.0 = Release|Any CPU
	EndGlobalSection
	GlobalSection(SolutionProperties) = preSolution
		HideSolutionNode = FALSE
	EndGlobalSection
	GlobalSection(ExtensibilityGlobals) = postSolution
		SolutionGuid = {2DBF3FD7-5542-4D64-95CC-E6759709B1A6}
	EndGlobalSection
EndGlobal
